
Microsoft Visual Studio Solution File, Format Version 12.00
# Visual Studio Version 16
VisualStudioVersion = 16.0.29905.134
MinimumVisualStudioVersion = 10.0.40219.1
Project("{9A19103F-16F7-4668-BE54-9A1E7A4F7556}") = "TravelLine", "TravelLine\TravelLine.csproj", "{1597745C-D998-493B-8939-DB77A58F996E}"
EndProject
Project("{FAE04EC0-301F-11D3-BF4B-00C04F79EFBC}") = "TravelLine.IntegrationTest", "TravelLine.IntegrationTest\TravelLine.IntegrationTest.csproj", "{4D18FC77-7B10-4447-B638-EACFB7E8AD39}"
EndProject
Global
	GlobalSection(SolutionConfigurationPlatforms) = preSolution
		Debug|Any CPU = Debug|Any CPU
		Release|Any CPU = Release|Any CPU
	EndGlobalSection
	GlobalSection(ProjectConfigurationPlatforms) = postSolution
		{1597745C-D998-493B-8939-DB77A58F996E}.Debug|Any CPU.ActiveCfg = Debug|Any CPU
		{1597745C-D998-493B-8939-DB77A58F996E}.Debug|Any CPU.Build.0 = Debug|Any CPU
		{1597745C-D998-493B-8939-DB77A58F996E}.Release|Any CPU.ActiveCfg = Release|Any CPU
		{1597745C-D998-493B-8939-DB77A58F996E}.Release|Any CPU.Build.0 = Release|Any CPU
		{4D18FC77-7B10-4447-B638-EACFB7E8AD39}.Debug|Any CPU.ActiveCfg = Debug|Any CPU
		{4D18FC77-7B10-4447-B638-EACFB7E8AD39}.Debug|Any CPU.Build.0 = Debug|Any CPU
		{4D18FC77-7B10-4447-B638-EACFB7E8AD39}.Release|Any CPU.ActiveCfg = Release|Any CPU
		{4D18FC77-7B10-4447-B638-EACFB7E8AD39}.Release|Any CPU.Build.0 = Release|Any CPU
	EndGlobalSection
	GlobalSection(SolutionProperties) = preSolution
		HideSolutionNode = FALSE
	EndGlobalSection
	GlobalSection(ExtensibilityGlobals) = postSolution
		SolutionGuid = {8C64046D-95F8-4A71-955E-D8500269949A}
	EndGlobalSection
EndGlobal
